// !$*UTF8*$!
{
	archiveVersion = 1;
	classes = {
	};
	objectVersion = 46;
	objects = {

/* Begin PBXBuildFile section */
		A6BE7DAB1C722E980076D948 /* AppDelegate.swift in Sources */ = {isa = PBXBuildFile; fileRef = A6BE7DAA1C722E980076D948 /* AppDelegate.swift */; };
		A6BE7DAD1C722E980076D948 /* ViewController.swift in Sources */ = {isa = PBXBuildFile; fileRef = A6BE7DAC1C722E980076D948 /* ViewController.swift */; };
		A6BE7DB01C722E980076D948 /* Main.storyboard in Resources */ = {isa = PBXBuildFile; fileRef = A6BE7DAE1C722E980076D948 /* Main.storyboard */; };
		A6BE7DB21C722E980076D948 /* Assets.xcassets in Resources */ = {isa = PBXBuildFile; fileRef = A6BE7DB11C722E980076D948 /* Assets.xcassets */; };
		A6BE7DB51C722E980076D948 /* LaunchScreen.storyboard in Resources */ = {isa = PBXBuildFile; fileRef = A6BE7DB31C722E980076D948 /* LaunchScreen.storyboard */; };
		A6BE7DC01C722E980076D948 /* My_Little_MonsterTests.swift in Sources */ = {isa = PBXBuildFile; fileRef = A6BE7DBF1C722E980076D948 /* My_Little_MonsterTests.swift */; };
		A6CED2061C72B78B0095FB07 /* DragImg.swift in Sources */ = {isa = PBXBuildFile; fileRef = A6CED2051C72B78B0095FB07 /* DragImg.swift */; };
		A6CED2081C72CC4C0095FB07 /* MonsterImg.swift in Sources */ = {isa = PBXBuildFile; fileRef = A6CED2071C72CC4C0095FB07 /* MonsterImg.swift */; };
		A6CED20E1C72D9830095FB07 /* bite.wav in Resources */ = {isa = PBXBuildFile; fileRef = A6CED2091C72D9830095FB07 /* bite.wav */; };
		A6CED20F1C72D9830095FB07 /* cave-music.mp3 in Resources */ = {isa = PBXBuildFile; fileRef = A6CED20A1C72D9830095FB07 /* cave-music.mp3 */; };
		A6CED2101C72D9830095FB07 /* death.wav in Resources */ = {isa = PBXBuildFile; fileRef = A6CED20B1C72D9830095FB07 /* death.wav */; };
		A6CED2111C72D9830095FB07 /* heart.wav in Resources */ = {isa = PBXBuildFile; fileRef = A6CED20C1C72D9830095FB07 /* heart.wav */; };
		A6CED2121C72D9830095FB07 /* skull.wav in Resources */ = {isa = PBXBuildFile; fileRef = A6CED20D1C72D9830095FB07 /* skull.wav */; };
/* End PBXBuildFile section */

/* Begin PBXContainerItemProxy section */
		A6BE7DBC1C722E980076D948 /* PBXContainerItemProxy */ = {
			isa = PBXContainerItemProxy;
			containerPortal = A6BE7D9F1C722E980076D948 /* Project object */;
			proxyType = 1;
			remoteGlobalIDString = A6BE7DA61C722E980076D948;
			remoteInfo = "My Little Monster";
		};
/* End PBXContainerItemProxy section */

/* Begin PBXFileReference section */
		A6BE7DA71C722E980076D948 /* My Little Monster.app */ = {isa = PBXFileReference; explicitFileType = wrapper.application; includeInIndex = 0; path = "My Little Monster.app"; sourceTree = BUILT_PRODUCTS_DIR; };
		A6BE7DAA1C722E980076D948 /* AppDelegate.swift */ = {isa = PBXFileReference; lastKnownFileType = sourcecode.swift; path = AppDelegate.swift; sourceTree = "<group>"; };
		A6BE7DAC1C722E980076D948 /* ViewController.swift */ = {isa = PBXFileReference; lastKnownFileType = sourcecode.swift; path = ViewController.swift; sourceTree = "<group>"; };
		A6BE7DAF1C722E980076D948 /* Base */ = {isa = PBXFileReference; lastKnownFileType = file.storyboard; name = Base; path = Base.lproj/Main.storyboard; sourceTree = "<group>"; };
		A6BE7DB11C722E980076D948 /* Assets.xcassets */ = {isa = PBXFileReference; lastKnownFileType = folder.assetcatalog; path = Assets.xcassets; sourceTree = "<group>"; };
		A6BE7DB41C722E980076D948 /* Base */ = {isa = PBXFileReference; lastKnownFileType = file.storyboard; name = Base; path = Base.lproj/LaunchScreen.storyboard; sourceTree = "<group>"; };
		A6BE7DB61C722E980076D948 /* Info.plist */ = {isa = PBXFileReference; lastKnownFileType = text.plist.xml; path = Info.plist; sourceTree = "<group>"; };
		A6BE7DBB1C722E980076D948 /* My Little MonsterTests.xctest */ = {isa = PBXFileReference; explicitFileType = wrapper.cfbundle; includeInIndex = 0; path = "My Little MonsterTests.xctest"; sourceTree = BUILT_PRODUCTS_DIR; };
		A6BE7DBF1C722E980076D948 /* My_Little_MonsterTests.swift */ = {isa = PBXFileReference; lastKnownFileType = sourcecode.swift; path = My_Little_MonsterTests.swift; sourceTree = "<group>"; };
		A6BE7DC11C722E980076D948 /* Info.plist */ = {isa = PBXFileReference; lastKnownFileType = text.plist.xml; path = Info.plist; sourceTree = "<group>"; };
		A6CED2051C72B78B0095FB07 /* DragImg.swift */ = {isa = PBXFileReference; fileEncoding = 4; lastKnownFileType = sourcecode.swift; path = DragImg.swift; sourceTree = "<group>"; };
		A6CED2071C72CC4C0095FB07 /* MonsterImg.swift */ = {isa = PBXFileReference; fileEncoding = 4; lastKnownFileType = sourcecode.swift; path = MonsterImg.swift; sourceTree = "<group>"; };
		A6CED2091C72D9830095FB07 /* bite.wav */ = {isa = PBXFileReference; lastKnownFileType = audio.wav; path = bite.wav; sourceTree = "<group>"; };
		A6CED20A1C72D9830095FB07 /* cave-music.mp3 */ = {isa = PBXFileReference; lastKnownFileType = audio.mp3; path = "cave-music.mp3"; sourceTree = "<group>"; };
		A6CED20B1C72D9830095FB07 /* death.wav */ = {isa = PBXFileReference; lastKnownFileType = audio.wav; path = death.wav; sourceTree = "<group>"; };
		A6CED20C1C72D9830095FB07 /* heart.wav */ = {isa = PBXFileReference; lastKnownFileType = audio.wav; path = heart.wav; sourceTree = "<group>"; };
		A6CED20D1C72D9830095FB07 /* skull.wav */ = {isa = PBXFileReference; lastKnownFileType = audio.wav; path = skull.wav; sourceTree = "<group>"; };
/* End PBXFileReference section */

/* Begin PBXFrameworksBuildPhase section */
		A6BE7DA41C722E980076D948 /* Frameworks */ = {
			isa = PBXFrameworksBuildPhase;
			buildActionMask = 2147483647;
			files = (
			);
			runOnlyForDeploymentPostprocessing = 0;
		};
		A6BE7DB81C722E980076D948 /* Frameworks */ = {
			isa = PBXFrameworksBuildPhase;
			buildActionMask = 2147483647;
			files = (
			);
			runOnlyForDeploymentPostprocessing = 0;
		};
/* End PBXFrameworksBuildPhase section */

/* Begin PBXGroup section */
		A6BE7D9E1C722E980076D948 = {
			isa = PBXGroup;
			children = (
				A6BE7DA91C722E980076D948 /* My Little Monster */,
				A6BE7DBE1C722E980076D948 /* My Little MonsterTests */,
				A6BE7DA81C722E980076D948 /* Products */,
			);
			sourceTree = "<group>";
		};
		A6BE7DA81C722E980076D948 /* Products */ = {
			isa = PBXGroup;
			children = (
				A6BE7DA71C722E980076D948 /* My Little Monster.app */,
				A6BE7DBB1C722E980076D948 /* My Little MonsterTests.xctest */,
			);
			name = Products;
			sourceTree = "<group>";
		};
		A6BE7DA91C722E980076D948 /* My Little Monster */ = {
			isa = PBXGroup;
			children = (
				A6BE7DAA1C722E980076D948 /* AppDelegate.swift */,
				A6BE7DAC1C722E980076D948 /* ViewController.swift */,
				A6CED2071C72CC4C0095FB07 /* MonsterImg.swift */,
				A6BE7DAE1C722E980076D948 /* Main.storyboard */,
				A6BE7DB11C722E980076D948 /* Assets.xcassets */,
				A6BE7DB31C722E980076D948 /* LaunchScreen.storyboard */,
				A6BE7DB61C722E980076D948 /* Info.plist */,
				A6CED2051C72B78B0095FB07 /* DragImg.swift */,
				A6CED2091C72D9830095FB07 /* bite.wav */,
				A6CED20A1C72D9830095FB07 /* cave-music.mp3 */,
				A6CED20B1C72D9830095FB07 /* death.wav */,
				A6CED20C1C72D9830095FB07 /* heart.wav */,
				A6CED20D1C72D9830095FB07 /* skull.wav */,
			);
			path = "My Little Monster";
			sourceTree = "<group>";
		};
		A6BE7DBE1C722E980076D948 /* My Little MonsterTests */ = {
			isa = PBXGroup;
			children = (
				A6BE7DBF1C722E980076D948 /* My_Little_MonsterTests.swift */,
				A6BE7DC11C722E980076D948 /* Info.plist */,
			);
			path = "My Little MonsterTests";
			sourceTree = "<group>";
		};
/* End PBXGroup section */

/* Begin PBXNativeTarget section */
		A6BE7DA61C722E980076D948 /* My Little Monster */ = {
			isa = PBXNativeTarget;
			buildConfigurationList = A6BE7DC41C722E980076D948 /* Build configuration list for PBXNativeTarget "My Little Monster" */;
			buildPhases = (
				A6BE7DA31C722E980076D948 /* Sources */,
				A6BE7DA41C722E980076D948 /* Frameworks */,
				A6BE7DA51C722E980076D948 /* Resources */,
			);
			buildRules = (
			);
			dependencies = (
			);
			name = "My Little Monster";
			productName = "My Little Monster";
			productReference = A6BE7DA71C722E980076D948 /* My Little Monster.app */;
			productType = "com.apple.product-type.application";
		};
		A6BE7DBA1C722E980076D948 /* My Little MonsterTests */ = {
			isa = PBXNativeTarget;
			buildConfigurationList = A6BE7DC71C722E980076D948 /* Build configuration list for PBXNativeTarget "My Little MonsterTests" */;
			buildPhases = (
				A6BE7DB71C722E980076D948 /* Sources */,
				A6BE7DB81C722E980076D948 /* Frameworks */,
				A6BE7DB91C722E980076D948 /* Resources */,
			);
			buildRules = (
			);
			dependencies = (
				A6BE7DBD1C722E980076D948 /* PBXTargetDependency */,
			);
			name = "My Little MonsterTests";
			productName = "My Little MonsterTests";
			productReference = A6BE7DBB1C722E980076D948 /* My Little MonsterTests.xctest */;
			productType = "com.apple.product-type.bundle.unit-test";
		};
/* End PBXNativeTarget section */

/* Begin PBXProject section */
		A6BE7D9F1C722E980076D948 /* Project object */ = {
			isa = PBXProject;
			attributes = {
				LastSwiftUpdateCheck = 0720;
				LastUpgradeCheck = 0720;
				ORGANIZATIONNAME = "Eric Klose";
				TargetAttributes = {
					A6BE7DA61C722E980076D948 = {
						CreatedOnToolsVersion = 7.2.1;
						DevelopmentTeam = W7W8PTYZHX;
					};
					A6BE7DBA1C722E980076D948 = {
						CreatedOnToolsVersion = 7.2.1;
						DevelopmentTeam = W7W8PTYZHX;
						TestTargetID = A6BE7DA61C722E980076D948;
					};
				};
			};
			buildConfigurationList = A6BE7DA21C722E980076D948 /* Build configuration list for PBXProject "My Little Monster" */;
			compatibilityVersion = "Xcode 3.2";
			developmentRegion = English;
			hasScannedForEncodings = 0;
			knownRegions = (
				en,
				Base,
			);
			mainGroup = A6BE7D9E1C722E980076D948;
			productRefGroup = A6BE7DA81C722E980076D948 /* Products */;
			projectDirPath = "";
			projectRoot = "";
			targets = (
				A6BE7DA61C722E980076D948 /* My Little Monster */,
				A6BE7DBA1C722E980076D948 /* My Little MonsterTests */,
			);
		};
/* End PBXProject section */

/* Begin PBXResourcesBuildPhase section */
		A6BE7DA51C722E980076D948 /* Resources */ = {
			isa = PBXResourcesBuildPhase;
			buildActionMask = 2147483647;
			files = (
				A6CED2121C72D9830095FB07 /* skull.wav in Resources */,
				A6CED20E1C72D9830095FB07 /* bite.wav in Resources */,
				A6CED2101C72D9830095FB07 /* death.wav in Resources */,
				A6CED2111C72D9830095FB07 /* heart.wav in Resources */,
				A6CED20F1C72D9830095FB07 /* cave-music.mp3 in Resources */,
				A6BE7DB51C722E980076D948 /* LaunchScreen.storyboard in Resources */,
				A6BE7DB21C722E980076D948 /* Assets.xcassets in Resources */,
				A6BE7DB01C722E980076D948 /* Main.storyboard in Resources */,
			);
			runOnlyForDeploymentPostprocessing = 0;
		};
		A6BE7DB91C722E980076D948 /* Resources */ = {
			isa = PBXResourcesBuildPhase;
			buildActionMask = 2147483647;
			files = (
			);
			runOnlyForDeploymentPostprocessing = 0;
		};
/* End PBXResourcesBuildPhase section */

/* Begin PBXSourcesBuildPhase section */
		A6BE7DA31C722E980076D948 /* Sources */ = {
			isa = PBXSourcesBuildPhase;
			buildActionMask = 2147483647;
			files = (
				A6CED2081C72CC4C0095FB07 /* MonsterImg.swift in Sources */,
				A6CED2061C72B78B0095FB07 /* DragImg.swift in Sources */,
				A6BE7DAD1C722E980076D948 /* ViewController.swift in Sources */,
				A6BE7DAB1C722E980076D948 /* AppDelegate.swift in Sources */,
			);
			runOnlyForDeploymentPostprocessing = 0;
		};
		A6BE7DB71C722E980076D948 /* Sources */ = {
			isa = PBXSourcesBuildPhase;
			buildActionMask = 2147483647;
			files = (
				A6BE7DC01C722E980076D948 /* My_Little_MonsterTests.swift in Sources */,
			);
			runOnlyForDeploymentPostprocessing = 0;
		};
/* End PBXSourcesBuildPhase section */

/* Begin PBXTargetDependency section */
		A6BE7DBD1C722E980076D948 /* PBXTargetDependency */ = {
			isa = PBXTargetDependency;
			target = A6BE7DA61C722E980076D948 /* My Little Monster */;
			targetProxy = A6BE7DBC1C722E980076D948 /* PBXContainerItemProxy */;
		};
/* End PBXTargetDependency section */

/* Begin PBXVariantGroup section */
		A6BE7DAE1C722E980076D948 /* Main.storyboard */ = {
			isa = PBXVariantGroup;
			children = (
				A6BE7DAF1C722E980076D948 /* Base */,
			);
			name = Main.storyboard;
			sourceTree = "<group>";
		};
		A6BE7DB31C722E980076D948 /* LaunchScreen.storyboard */ = {
			isa = PBXVariantGroup;
			children = (
				A6BE7DB41C722E980076D948 /* Base */,
			);
			name = LaunchScreen.storyboard;
			sourceTree = "<group>";
		};
/* End PBXVariantGroup section */

/* Begin XCBuildConfiguration section */
		A6BE7DC21C722E980076D948 /* Debug */ = {
			isa = XCBuildConfiguration;
			buildSettings = {
				ALWAYS_SEARCH_USER_PATHS = NO;
				CLANG_CXX_LANGUAGE_STANDARD = "gnu++0x";
				CLANG_CXX_LIBRARY = "libc++";
				CLANG_ENABLE_MODULES = YES;
				CLANG_ENABLE_OBJC_ARC = YES;
				CLANG_WARN_BOOL_CONVERSION = YES;
				CLANG_WARN_CONSTANT_CONVERSION = YES;
				CLANG_WARN_DIRECT_OBJC_ISA_USAGE = YES_ERROR;
				CLANG_WARN_EMPTY_BODY = YES;
				CLANG_WARN_ENUM_CONVERSION = YES;
				CLANG_WARN_INT_CONVERSION = YES;
				CLANG_WARN_OBJC_ROOT_CLASS = YES_ERROR;
				CLANG_WARN_UNREACHABLE_CODE = YES;
				CLANG_WARN__DUPLICATE_METHOD_MATCH = YES;
				"CODE_SIGN_IDENTITY[sdk=iphoneos*]" = "iPhone Developer";
				COPY_PHASE_STRIP = NO;
				DEBUG_INFORMATION_FORMAT = dwarf;
				ENABLE_STRICT_OBJC_MSGSEND = YES;
				ENABLE_TESTABILITY = YES;
				GCC_C_LANGUAGE_STANDARD = gnu99;
				GCC_DYNAMIC_NO_PIC = NO;
				GCC_NO_COMMON_BLOCKS = YES;
				GCC_OPTIMIZATION_LEVEL = 0;
				GCC_PREPROCESSOR_DEFINITIONS = (
					"DEBUG=1",
					"$(inherited)",
				);
				GCC_WARN_64_TO_32_BIT_CONVERSION = YES;
				GCC_WARN_ABOUT_RETURN_TYPE = YES_ERROR;
				GCC_WARN_UNDECLARED_SELECTOR = YES;
				GCC_WARN_UNINITIALIZED_AUTOS = YES_AGGRESSIVE;
				GCC_WARN_UNUSED_FUNCTION = YES;
				GCC_WARN_UNUSED_VARIABLE = YES;
				IPHONEOS_DEPLOYMENT_TARGET = 9.2;
				MTL_ENABLE_DEBUG_INFO = YES;
				ONLY_ACTIVE_ARCH = YES;
				SDKROOT = iphoneos;
				SWIFT_OPTIMIZATION_LEVEL = "-Onone";
				TARGETED_DEVICE_FAMILY = "1,2";
			};
			name = Debug;
		};
		A6BE7DC31C722E980076D948 /* Release */ = {
			isa = XCBuildConfiguration;
			buildSettings = {
				ALWAYS_SEARCH_USER_PATHS = NO;
				CLANG_CXX_LANGUAGE_STANDARD = "gnu++0x";
				CLANG_CXX_LIBRARY = "libc++";
				CLANG_ENABLE_MODULES = YES;
				CLANG_ENABLE_OBJC_ARC = YES;
				CLANG_WARN_BOOL_CONVERSION = YES;
				CLANG_WARN_CONSTANT_CONVERSION = YES;
				CLANG_WARN_DIRECT_OBJC_ISA_USAGE = YES_ERROR;
				CLANG_WARN_EMPTY_BODY = YES;
				CLANG_WARN_ENUM_CONVERSION = YES;
				CLANG_WARN_INT_CONVERSION = YES;
				CLANG_WARN_OBJC_ROOT_CLASS = YES_ERROR;
				CLANG_WARN_UNREACHABLE_CODE = YES;
				CLANG_WARN__DUPLICATE_METHOD_MATCH = YES;
				"CODE_SIGN_IDENTITY[sdk=iphoneos*]" = "iPhone Developer";
				COPY_PHASE_STRIP = NO;
				DEBUG_INFORMATION_FORMAT = "dwarf-with-dsym";
				ENABLE_NS_ASSERTIONS = NO;
				ENABLE_STRICT_OBJC_MSGSEND = YES;
				GCC_C_LANGUAGE_STANDARD = gnu99;
				GCC_NO_COMMON_BLOCKS = YES;
				GCC_WARN_64_TO_32_BIT_CONVERSION = YES;
				GCC_WARN_ABOUT_RETURN_TYPE = YES_ERROR;
				GCC_WARN_UNDECLARED_SELECTOR = YES;
				GCC_WARN_UNINITIALIZED_AUTOS = YES_AGGRESSIVE;
				GCC_WARN_UNUSED_FUNCTION = YES;
				GCC_WARN_UNUSED_VARIABLE = YES;
				IPHONEOS_DEPLOYMENT_TARGET = 9.2;
				MTL_ENABLE_DEBUG_INFO = NO;
				SDKROOT = iphoneos;
				TARGETED_DEVICE_FAMILY = "1,2";
				VALIDATE_PRODUCT = YES;
			};
			name = Release;
		};
		A6BE7DC51C722E980076D948 /* Debug */ = {
			isa = XCBuildConfiguration;
			buildSettings = {
				ASSETCATALOG_COMPILER_APPICON_NAME = AppIcon;
				INFOPLIST_FILE = "My Little Monster/Info.plist";
				LD_RUNPATH_SEARCH_PATHS = "$(inherited) @executable_path/Frameworks";
				PRODUCT_BUNDLE_IDENTIFIER = "com.example.My-Little-Monster";
				PRODUCT_NAME = "$(TARGET_NAME)";
			};
			name = Debug;
		};
		A6BE7DC61C722E980076D948 /* Release */ = {
			isa = XCBuildConfiguration;
			buildSettings = {
				ASSETCATALOG_COMPILER_APPICON_NAME = AppIcon;
				INFOPLIST_FILE = "My Little Monster/Info.plist";
				LD_RUNPATH_SEARCH_PATHS = "$(inherited) @executable_path/Frameworks";
				PRODUCT_BUNDLE_IDENTIFIER = "com.example.My-Little-Monster";
				PRODUCT_NAME = "$(TARGET_NAME)";
			};
			name = Release;
		};
		A6BE7DC81C722E980076D948 /* Debug */ = {
			isa = XCBuildConfiguration;
			buildSettings = {
				BUNDLE_LOADER = "$(TEST_HOST)";
				INFOPLIST_FILE = "My Little MonsterTests/Info.plist";
				LD_RUNPATH_SEARCH_PATHS = "$(inherited) @executable_path/Frameworks @loader_path/Frameworks";
				PRODUCT_BUNDLE_IDENTIFIER = "com.example.My-Little-MonsterTests";
				PRODUCT_NAME = "$(TARGET_NAME)";
				TEST_HOST = "$(BUILT_PRODUCTS_DIR)/My Little Monster.app/My Little Monster";
			};
			name = Debug;
		};
		A6BE7DC91C722E980076D948 /* Release */ = {
			isa = XCBuildConfiguration;
			buildSettings = {
				BUNDLE_LOADER = "$(TEST_HOST)";
				INFOPLIST_FILE = "My Little MonsterTests/Info.plist";
				LD_RUNPATH_SEARCH_PATHS = "$(inherited) @executable_path/Frameworks @loader_path/Frameworks";
				PRODUCT_BUNDLE_IDENTIFIER = "com.example.My-Little-MonsterTests";
				PRODUCT_NAME = "$(TARGET_NAME)";
				TEST_HOST = "$(BUILT_PRODUCTS_DIR)/My Little Monster.app/My Little Monster";
			};
			name = Release;
		};
/* End XCBuildConfiguration section */

/* Begin XCConfigurationList section */
		A6BE7DA21C722E980076D948 /* Build configuration list for PBXProject "My Little Monster" */ = {
			isa = XCConfigurationList;
			buildConfigurations = (
				A6BE7DC21C722E980076D948 /* Debug */,
				A6BE7DC31C722E980076D948 /* Release */,
			);
			defaultConfigurationIsVisible = 0;
			defaultConfigurationName = Release;
		};
		A6BE7DC41C722E980076D948 /* Build configuration list for PBXNativeTarget "My Little Monster" */ = {
			isa = XCConfigurationList;
			buildConfigurations = (
				A6BE7DC51C722E980076D948 /* Debug */,
				A6BE7DC61C722E980076D948 /* Release */,
			);
			defaultConfigurationIsVisible = 0;
			defaultConfigurationName = Release;
		};
		A6BE7DC71C722E980076D948 /* Build configuration list for PBXNativeTarget "My Little MonsterTests" */ = {
			isa = XCConfigurationList;
			buildConfigurations = (
				A6BE7DC81C722E980076D948 /* Debug */,
				A6BE7DC91C722E980076D948 /* Release */,
			);
			defaultConfigurationIsVisible = 0;
			defaultConfigurationName = Release;
		};
/* End XCConfigurationList section */
	};
	rootObject = A6BE7D9F1C722E980076D948 /* Project object */;
}
